
Microsoft Visual Studio Solution File, Format Version 12.00
# Visual Studio Version 17
VisualStudioVersion = 17.14.36414.22 d17.14
MinimumVisualStudioVersion = 10.0.40219.1
Project("{FAE04EC0-301F-11D3-BF4B-00C04F79EFBC}") = "ej5", "ej5\ej5.csproj", "{2F051E67-52B8-4EB7-9D58-7B880DB32015}"
EndProject
Global
	GlobalSection(SolutionConfigurationPlatforms) = preSolution
		Debug|Any CPU = Debug|Any CPU
		Release|Any CPU = Release|Any CPU
	EndGlobalSection
	GlobalSection(ProjectConfigurationPlatforms) = postSolution
		{2F051E67-52B8-4EB7-9D58-7B880DB32015}.Debug|Any CPU.ActiveCfg = Debug|Any CPU
		{2F051E67-52B8-4EB7-9D58-7B880DB32015}.Debug|Any CPU.Build.0 = Debug|Any CPU
		{2F051E67-52B8-4EB7-9D58-7B880DB32015}.Release|Any CPU.ActiveCfg = Release|Any CPU
		{2F051E67-52B8-4EB7-9D58-7B880DB32015}.Release|Any CPU.Build.0 = Release|Any CPU
	EndGlobalSection
	GlobalSection(SolutionProperties) = preSolution
		HideSolutionNode = FALSE
	EndGlobalSection
	GlobalSection(ExtensibilityGlobals) = postSolution
		SolutionGuid = {70B188FF-8BF7-4815-8CD9-0679C14A5282}
	EndGlobalSection
EndGlobal
