
Microsoft Visual Studio Solution File, Format Version 12.00
# Visual Studio Version 17
VisualStudioVersion = 17.14.36414.22 d17.14
MinimumVisualStudioVersion = 10.0.40219.1
Project("{FAE04EC0-301F-11D3-BF4B-00C04F79EFBC}") = "ej3", "ej3\ej3.csproj", "{DF327B45-0CEA-4649-90B9-F8252391F221}"
EndProject
Global
	GlobalSection(SolutionConfigurationPlatforms) = preSolution
		Debug|Any CPU = Debug|Any CPU
		Release|Any CPU = Release|Any CPU
	EndGlobalSection
	GlobalSection(ProjectConfigurationPlatforms) = postSolution
		{DF327B45-0CEA-4649-90B9-F8252391F221}.Debug|Any CPU.ActiveCfg = Debug|Any CPU
		{DF327B45-0CEA-4649-90B9-F8252391F221}.Debug|Any CPU.Build.0 = Debug|Any CPU
		{DF327B45-0CEA-4649-90B9-F8252391F221}.Release|Any CPU.ActiveCfg = Release|Any CPU
		{DF327B45-0CEA-4649-90B9-F8252391F221}.Release|Any CPU.Build.0 = Release|Any CPU
	EndGlobalSection
	GlobalSection(SolutionProperties) = preSolution
		HideSolutionNode = FALSE
	EndGlobalSection
	GlobalSection(ExtensibilityGlobals) = postSolution
		SolutionGuid = {85D0A58F-9D61-43C1-A27F-A846183C8797}
	EndGlobalSection
EndGlobal
