
Microsoft Visual Studio Solution File, Format Version 12.00
# Visual Studio Version 17
VisualStudioVersion = 17.14.36414.22 d17.14
MinimumVisualStudioVersion = 10.0.40219.1
Project("{FAE04EC0-301F-11D3-BF4B-00C04F79EFBC}") = "ej1", "ej1\ej1.csproj", "{731E0C26-2125-4C3C-9CAF-6517E4783833}"
EndProject
Global
	GlobalSection(SolutionConfigurationPlatforms) = preSolution
		Debug|Any CPU = Debug|Any CPU
		Release|Any CPU = Release|Any CPU
	EndGlobalSection
	GlobalSection(ProjectConfigurationPlatforms) = postSolution
		{731E0C26-2125-4C3C-9CAF-6517E4783833}.Debug|Any CPU.ActiveCfg = Debug|Any CPU
		{731E0C26-2125-4C3C-9CAF-6517E4783833}.Debug|Any CPU.Build.0 = Debug|Any CPU
		{731E0C26-2125-4C3C-9CAF-6517E4783833}.Release|Any CPU.ActiveCfg = Release|Any CPU
		{731E0C26-2125-4C3C-9CAF-6517E4783833}.Release|Any CPU.Build.0 = Release|Any CPU
	EndGlobalSection
	GlobalSection(SolutionProperties) = preSolution
		HideSolutionNode = FALSE
	EndGlobalSection
	GlobalSection(ExtensibilityGlobals) = postSolution
		SolutionGuid = {2B15143D-31E1-47E4-AB28-FE5A6B3EBC28}
	EndGlobalSection
EndGlobal
