
Microsoft Visual Studio Solution File, Format Version 12.00
# Visual Studio Version 17
VisualStudioVersion = 17.14.36414.22 d17.14
MinimumVisualStudioVersion = 10.0.40219.1
Project("{FAE04EC0-301F-11D3-BF4B-00C04F79EFBC}") = "Ej4", "Ej4\Ej4.csproj", "{7154BAB1-1312-46E2-A783-4873A1948333}"
EndProject
Global
	GlobalSection(SolutionConfigurationPlatforms) = preSolution
		Debug|Any CPU = Debug|Any CPU
		Release|Any CPU = Release|Any CPU
	EndGlobalSection
	GlobalSection(ProjectConfigurationPlatforms) = postSolution
		{7154BAB1-1312-46E2-A783-4873A1948333}.Debug|Any CPU.ActiveCfg = Debug|Any CPU
		{7154BAB1-1312-46E2-A783-4873A1948333}.Debug|Any CPU.Build.0 = Debug|Any CPU
		{7154BAB1-1312-46E2-A783-4873A1948333}.Release|Any CPU.ActiveCfg = Release|Any CPU
		{7154BAB1-1312-46E2-A783-4873A1948333}.Release|Any CPU.Build.0 = Release|Any CPU
	EndGlobalSection
	GlobalSection(SolutionProperties) = preSolution
		HideSolutionNode = FALSE
	EndGlobalSection
	GlobalSection(ExtensibilityGlobals) = postSolution
		SolutionGuid = {C9F983CA-6E75-47A2-9FAA-0FCD1A39B888}
	EndGlobalSection
EndGlobal
